
Microsoft Visual Studio Solution File, Format Version 12.00
# Visual Studio Version 16
VisualStudioVersion = 16.0.30804.86
MinimumVisualStudioVersion = 10.0.40219.1
Project("{9A19103F-16F7-4668-BE54-9A1E7A4F7556}") = "DailyDesktop.Core", "DailyDesktop.Core\DailyDesktop.Core.csproj", "{C1D6DB17-EFAA-4D03-BBA9-E77488CE6CB5}"
EndProject
Project("{9A19103F-16F7-4668-BE54-9A1E7A4F7556}") = "DailyDesktop.Core.Providers.MTG", "DailyDesktop.Core.Providers.MTG\DailyDesktop.Core.Providers.MTG.csproj", "{14E0EC29-52DE-40AC-96D7-5489920FEA63}"
	ProjectSection(ProjectDependencies) = postProject
		{C1D6DB17-EFAA-4D03-BBA9-E77488CE6CB5} = {C1D6DB17-EFAA-4D03-BBA9-E77488CE6CB5}
	EndProjectSection
EndProject
Project("{9A19103F-16F7-4668-BE54-9A1E7A4F7556}") = "DailyDesktop.Task", "DailyDesktop.Task\DailyDesktop.Task.csproj", "{7CB913BA-772C-4610-89FE-311AACE62717}"
EndProject
Project("{9A19103F-16F7-4668-BE54-9A1E7A4F7556}") = "DailyDesktop.Desktop", "DailyDesktop.Desktop\DailyDesktop.Desktop.csproj", "{768F9329-40C4-4F48-A508-3E28D668B452}"
EndProject
Project("{54435603-DBB4-11D2-8724-00A0C9A8B90C}") = "DailyDesktop.Setup", "DailyDesktop.Setup\DailyDesktop.Setup.vdproj", "{AF21D390-94D6-403D-ACF9-CC243F8355B0}"
EndProject
Project("{9A19103F-16F7-4668-BE54-9A1E7A4F7556}") = "DailyDesktop.Core.Providers.Pixiv", "DailyDesktop.Core.Providers.Pixiv\DailyDesktop.Core.Providers.Pixiv.csproj", "{3E827370-7B8B-4F1E-82CF-B374CCEA6744}"
EndProject
Project("{9A19103F-16F7-4668-BE54-9A1E7A4F7556}") = "DailyDesktop.Core.Providers.Unsplash", "DailyDesktop.Core.Providers.Unsplash\DailyDesktop.Core.Providers.Unsplash.csproj", "{F7F11EA4-0E1F-4989-9D70-BD9CD3AD7FE0}"
EndProject
Project("{9A19103F-16F7-4668-BE54-9A1E7A4F7556}") = "DailyDesktop.Core.Providers.WikimediaCommons", "DailyDesktop.Core.Providers.WikimediaCommons\DailyDesktop.Core.Providers.WikimediaCommons.csproj", "{170B34DD-A803-4CED-B1A6-7487AB61F473}"
EndProject
Project("{9A19103F-16F7-4668-BE54-9A1E7A4F7556}") = "DailyDesktop.Core.Providers.Bing", "DailyDesktop.Core.Providers.Bing\DailyDesktop.Core.Providers.Bing.csproj", "{53B8F7F5-D7BB-4935-80F2-9D603CC32608}"
EndProject
Project("{FAE04EC0-301F-11D3-BF4B-00C04F79EFBC}") = "DailyDesktop.Core.Providers.DeviantArt", "DailyDesktop.Core.Providers.DeviantArt\DailyDesktop.Core.Providers.DeviantArt.csproj", "{92DAF9D3-3F37-4DB1-8FC9-C9B60E961652}"
EndProject
Global
	GlobalSection(SolutionConfigurationPlatforms) = preSolution
		Debug|Any CPU = Debug|Any CPU
		Release|Any CPU = Release|Any CPU
	EndGlobalSection
	GlobalSection(ProjectConfigurationPlatforms) = postSolution
		{C1D6DB17-EFAA-4D03-BBA9-E77488CE6CB5}.Debug|Any CPU.ActiveCfg = Debug|Any CPU
		{C1D6DB17-EFAA-4D03-BBA9-E77488CE6CB5}.Debug|Any CPU.Build.0 = Debug|Any CPU
		{C1D6DB17-EFAA-4D03-BBA9-E77488CE6CB5}.Release|Any CPU.ActiveCfg = Release|Any CPU
		{C1D6DB17-EFAA-4D03-BBA9-E77488CE6CB5}.Release|Any CPU.Build.0 = Release|Any CPU
		{14E0EC29-52DE-40AC-96D7-5489920FEA63}.Debug|Any CPU.ActiveCfg = Debug|Any CPU
		{14E0EC29-52DE-40AC-96D7-5489920FEA63}.Debug|Any CPU.Build.0 = Debug|Any CPU
		{14E0EC29-52DE-40AC-96D7-5489920FEA63}.Release|Any CPU.ActiveCfg = Release|Any CPU
		{14E0EC29-52DE-40AC-96D7-5489920FEA63}.Release|Any CPU.Build.0 = Release|Any CPU
		{7CB913BA-772C-4610-89FE-311AACE62717}.Debug|Any CPU.ActiveCfg = Debug|Any CPU
		{7CB913BA-772C-4610-89FE-311AACE62717}.Debug|Any CPU.Build.0 = Debug|Any CPU
		{7CB913BA-772C-4610-89FE-311AACE62717}.Release|Any CPU.ActiveCfg = Release|Any CPU
		{7CB913BA-772C-4610-89FE-311AACE62717}.Release|Any CPU.Build.0 = Release|Any CPU
		{768F9329-40C4-4F48-A508-3E28D668B452}.Debug|Any CPU.ActiveCfg = Debug|Any CPU
		{768F9329-40C4-4F48-A508-3E28D668B452}.Debug|Any CPU.Build.0 = Debug|Any CPU
		{768F9329-40C4-4F48-A508-3E28D668B452}.Release|Any CPU.ActiveCfg = Release|Any CPU
		{768F9329-40C4-4F48-A508-3E28D668B452}.Release|Any CPU.Build.0 = Release|Any CPU
		{AF21D390-94D6-403D-ACF9-CC243F8355B0}.Debug|Any CPU.ActiveCfg = Debug
		{AF21D390-94D6-403D-ACF9-CC243F8355B0}.Release|Any CPU.ActiveCfg = Release
		{3E827370-7B8B-4F1E-82CF-B374CCEA6744}.Debug|Any CPU.ActiveCfg = Debug|Any CPU
		{3E827370-7B8B-4F1E-82CF-B374CCEA6744}.Debug|Any CPU.Build.0 = Debug|Any CPU
		{3E827370-7B8B-4F1E-82CF-B374CCEA6744}.Release|Any CPU.ActiveCfg = Release|Any CPU
		{3E827370-7B8B-4F1E-82CF-B374CCEA6744}.Release|Any CPU.Build.0 = Release|Any CPU
		{F7F11EA4-0E1F-4989-9D70-BD9CD3AD7FE0}.Debug|Any CPU.ActiveCfg = Debug|Any CPU
		{F7F11EA4-0E1F-4989-9D70-BD9CD3AD7FE0}.Debug|Any CPU.Build.0 = Debug|Any CPU
		{F7F11EA4-0E1F-4989-9D70-BD9CD3AD7FE0}.Release|Any CPU.ActiveCfg = Release|Any CPU
		{F7F11EA4-0E1F-4989-9D70-BD9CD3AD7FE0}.Release|Any CPU.Build.0 = Release|Any CPU
		{170B34DD-A803-4CED-B1A6-7487AB61F473}.Debug|Any CPU.ActiveCfg = Debug|Any CPU
		{170B34DD-A803-4CED-B1A6-7487AB61F473}.Debug|Any CPU.Build.0 = Debug|Any CPU
		{170B34DD-A803-4CED-B1A6-7487AB61F473}.Release|Any CPU.ActiveCfg = Release|Any CPU
		{170B34DD-A803-4CED-B1A6-7487AB61F473}.Release|Any CPU.Build.0 = Release|Any CPU
		{53B8F7F5-D7BB-4935-80F2-9D603CC32608}.Debug|Any CPU.ActiveCfg = Debug|Any CPU
		{53B8F7F5-D7BB-4935-80F2-9D603CC32608}.Debug|Any CPU.Build.0 = Debug|Any CPU
		{53B8F7F5-D7BB-4935-80F2-9D603CC32608}.Release|Any CPU.ActiveCfg = Release|Any CPU
		{53B8F7F5-D7BB-4935-80F2-9D603CC32608}.Release|Any CPU.Build.0 = Release|Any CPU
		{92DAF9D3-3F37-4DB1-8FC9-C9B60E961652}.Debug|Any CPU.ActiveCfg = Debug|Any CPU
		{92DAF9D3-3F37-4DB1-8FC9-C9B60E961652}.Debug|Any CPU.Build.0 = Debug|Any CPU
		{92DAF9D3-3F37-4DB1-8FC9-C9B60E961652}.Release|Any CPU.ActiveCfg = Release|Any CPU
		{92DAF9D3-3F37-4DB1-8FC9-C9B60E961652}.Release|Any CPU.Build.0 = Release|Any CPU
	EndGlobalSection
	GlobalSection(SolutionProperties) = preSolution
		HideSolutionNode = FALSE
	EndGlobalSection
	GlobalSection(ExtensibilityGlobals) = postSolution
		SolutionGuid = {00B6A029-5696-44B0-8E62-92BAF20D9456}
	EndGlobalSection
EndGlobal
