
Microsoft Visual Studio Solution File, Format Version 12.00
# Visual Studio Version 17
VisualStudioVersion = 17.4.33110.190
MinimumVisualStudioVersion = 10.0.40219.1
Project("{9A19103F-16F7-4668-BE54-9A1E7A4F7556}") = "DailyDesktop.Core", "DailyDesktop.Core\DailyDesktop.Core.csproj", "{C1D6DB17-EFAA-4D03-BBA9-E77488CE6CB5}"
EndProject
Project("{9A19103F-16F7-4668-BE54-9A1E7A4F7556}") = "DailyDesktop.Task", "DailyDesktop.Task\DailyDesktop.Task.csproj", "{7CB913BA-772C-4610-89FE-311AACE62717}"
EndProject
Project("{9A19103F-16F7-4668-BE54-9A1E7A4F7556}") = "DailyDesktop.Desktop", "DailyDesktop.Desktop\DailyDesktop.Desktop.csproj", "{768F9329-40C4-4F48-A508-3E28D668B452}"
EndProject
Project("{54435603-DBB4-11D2-8724-00A0C9A8B90C}") = "DailyDesktop.Setup", "DailyDesktop.Setup\DailyDesktop.Setup.vdproj", "{AF21D390-94D6-403D-ACF9-CC243F8355B0}"
EndProject
Project("{9A19103F-16F7-4668-BE54-9A1E7A4F7556}") = "DailyDesktop.Providers.Pixiv", "DailyDesktop.Providers.Pixiv\DailyDesktop.Providers.Pixiv.csproj", "{3E827370-7B8B-4F1E-82CF-B374CCEA6744}"
EndProject
Project("{9A19103F-16F7-4668-BE54-9A1E7A4F7556}") = "DailyDesktop.Providers.Unsplash", "DailyDesktop.Providers.Unsplash\DailyDesktop.Providers.Unsplash.csproj", "{F7F11EA4-0E1F-4989-9D70-BD9CD3AD7FE0}"
EndProject
Project("{9A19103F-16F7-4668-BE54-9A1E7A4F7556}") = "DailyDesktop.Providers.WikimediaCommons", "DailyDesktop.Providers.WikimediaCommons\DailyDesktop.Providers.WikimediaCommons.csproj", "{170B34DD-A803-4CED-B1A6-7487AB61F473}"
EndProject
Project("{9A19103F-16F7-4668-BE54-9A1E7A4F7556}") = "DailyDesktop.Providers.Bing", "DailyDesktop.Providers.Bing\DailyDesktop.Providers.Bing.csproj", "{53B8F7F5-D7BB-4935-80F2-9D603CC32608}"
EndProject
Project("{9A19103F-16F7-4668-BE54-9A1E7A4F7556}") = "DailyDesktop.Providers.DeviantArt", "DailyDesktop.Providers.DeviantArt\DailyDesktop.Providers.DeviantArt.csproj", "{92DAF9D3-3F37-4DB1-8FC9-C9B60E961652}"
EndProject
Project("{9A19103F-16F7-4668-BE54-9A1E7A4F7556}") = "DailyDesktop.Providers.RedditEarthPorn", "DailyDesktop.Providers.RedditEarthPorn\DailyDesktop.Providers.RedditEarthPorn.csproj", "{DA90DCEE-630B-44DF-B964-17BA3A359EF4}"
EndProject
Project("{9A19103F-16F7-4668-BE54-9A1E7A4F7556}") = "DailyDesktop.Tests", "DailyDesktop.Tests\DailyDesktop.Tests.csproj", "{7703C8EF-73D5-444B-B057-64C5359D9BC9}"
EndProject
Project("{9A19103F-16F7-4668-BE54-9A1E7A4F7556}") = "DailyDesktop.Providers.CalvinAndHobbes", "DailyDesktop.Providers.CalvinAndHobbes\DailyDesktop.Providers.CalvinAndHobbes.csproj", "{BA0FECF0-4333-4076-8DC4-1E1D09359050}"
EndProject
Project("{2150E333-8FDC-42A3-9474-1A3956D46DE8}") = "Solution Items", "Solution Items", "{ACB43272-8AF4-47DE-8E2C-F893E0D8FFEB}"
	ProjectSection(SolutionItems) = preProject
		.editorconfig = .editorconfig
	EndProjectSection
EndProject
Project("{9A19103F-16F7-4668-BE54-9A1E7A4F7556}") = "DailyDesktop.Providers.Xkcd", "DailyDesktop.Providers.Xkcd\DailyDesktop.Providers.Xkcd.csproj", "{42BD78CF-1D21-4AAD-AAFE-3DA4E71EB3E6}"
EndProject
Project("{9A19103F-16F7-4668-BE54-9A1E7A4F7556}") = "DailyDesktop.Providers.MTG", "DailyDesktop.Providers.MTG\DailyDesktop.Providers.MTG.csproj", "{6C3D4571-884E-4880-9EE8-BD431CB8D871}"
EndProject
Global
	GlobalSection(SolutionConfigurationPlatforms) = preSolution
		Debug|Any CPU = Debug|Any CPU
		Debug|x64 = Debug|x64
		Release|Any CPU = Release|Any CPU
		Release|x64 = Release|x64
	EndGlobalSection
	GlobalSection(ProjectConfigurationPlatforms) = postSolution
		{C1D6DB17-EFAA-4D03-BBA9-E77488CE6CB5}.Debug|Any CPU.ActiveCfg = Debug|Any CPU
		{C1D6DB17-EFAA-4D03-BBA9-E77488CE6CB5}.Debug|Any CPU.Build.0 = Debug|Any CPU
		{C1D6DB17-EFAA-4D03-BBA9-E77488CE6CB5}.Debug|x64.ActiveCfg = Debug|x64
		{C1D6DB17-EFAA-4D03-BBA9-E77488CE6CB5}.Debug|x64.Build.0 = Debug|x64
		{C1D6DB17-EFAA-4D03-BBA9-E77488CE6CB5}.Release|Any CPU.ActiveCfg = Release|Any CPU
		{C1D6DB17-EFAA-4D03-BBA9-E77488CE6CB5}.Release|Any CPU.Build.0 = Release|Any CPU
		{C1D6DB17-EFAA-4D03-BBA9-E77488CE6CB5}.Release|x64.ActiveCfg = Release|x64
		{C1D6DB17-EFAA-4D03-BBA9-E77488CE6CB5}.Release|x64.Build.0 = Release|x64
		{7CB913BA-772C-4610-89FE-311AACE62717}.Debug|Any CPU.ActiveCfg = Debug|Any CPU
		{7CB913BA-772C-4610-89FE-311AACE62717}.Debug|Any CPU.Build.0 = Debug|Any CPU
		{7CB913BA-772C-4610-89FE-311AACE62717}.Debug|x64.ActiveCfg = Debug|x64
		{7CB913BA-772C-4610-89FE-311AACE62717}.Debug|x64.Build.0 = Debug|x64
		{7CB913BA-772C-4610-89FE-311AACE62717}.Release|Any CPU.ActiveCfg = Release|Any CPU
		{7CB913BA-772C-4610-89FE-311AACE62717}.Release|Any CPU.Build.0 = Release|Any CPU
		{7CB913BA-772C-4610-89FE-311AACE62717}.Release|x64.ActiveCfg = Release|x64
		{7CB913BA-772C-4610-89FE-311AACE62717}.Release|x64.Build.0 = Release|x64
		{768F9329-40C4-4F48-A508-3E28D668B452}.Debug|Any CPU.ActiveCfg = Debug|Any CPU
		{768F9329-40C4-4F48-A508-3E28D668B452}.Debug|Any CPU.Build.0 = Debug|Any CPU
		{768F9329-40C4-4F48-A508-3E28D668B452}.Debug|x64.ActiveCfg = Debug|x64
		{768F9329-40C4-4F48-A508-3E28D668B452}.Debug|x64.Build.0 = Debug|x64
		{768F9329-40C4-4F48-A508-3E28D668B452}.Release|Any CPU.ActiveCfg = Release|Any CPU
		{768F9329-40C4-4F48-A508-3E28D668B452}.Release|Any CPU.Build.0 = Release|Any CPU
		{768F9329-40C4-4F48-A508-3E28D668B452}.Release|x64.ActiveCfg = Release|x64
		{768F9329-40C4-4F48-A508-3E28D668B452}.Release|x64.Build.0 = Release|x64
		{AF21D390-94D6-403D-ACF9-CC243F8355B0}.Debug|Any CPU.ActiveCfg = Debug
		{AF21D390-94D6-403D-ACF9-CC243F8355B0}.Debug|x64.ActiveCfg = Debug
		{AF21D390-94D6-403D-ACF9-CC243F8355B0}.Release|Any CPU.ActiveCfg = Release
		{AF21D390-94D6-403D-ACF9-CC243F8355B0}.Release|x64.ActiveCfg = Release
		{3E827370-7B8B-4F1E-82CF-B374CCEA6744}.Debug|Any CPU.ActiveCfg = Debug|Any CPU
		{3E827370-7B8B-4F1E-82CF-B374CCEA6744}.Debug|Any CPU.Build.0 = Debug|Any CPU
		{3E827370-7B8B-4F1E-82CF-B374CCEA6744}.Debug|x64.ActiveCfg = Debug|x64
		{3E827370-7B8B-4F1E-82CF-B374CCEA6744}.Debug|x64.Build.0 = Debug|x64
		{3E827370-7B8B-4F1E-82CF-B374CCEA6744}.Release|Any CPU.ActiveCfg = Release|Any CPU
		{3E827370-7B8B-4F1E-82CF-B374CCEA6744}.Release|Any CPU.Build.0 = Release|Any CPU
		{3E827370-7B8B-4F1E-82CF-B374CCEA6744}.Release|x64.ActiveCfg = Release|x64
		{3E827370-7B8B-4F1E-82CF-B374CCEA6744}.Release|x64.Build.0 = Release|x64
		{F7F11EA4-0E1F-4989-9D70-BD9CD3AD7FE0}.Debug|Any CPU.ActiveCfg = Debug|Any CPU
		{F7F11EA4-0E1F-4989-9D70-BD9CD3AD7FE0}.Debug|Any CPU.Build.0 = Debug|Any CPU
		{F7F11EA4-0E1F-4989-9D70-BD9CD3AD7FE0}.Debug|x64.ActiveCfg = Debug|x64
		{F7F11EA4-0E1F-4989-9D70-BD9CD3AD7FE0}.Debug|x64.Build.0 = Debug|x64
		{F7F11EA4-0E1F-4989-9D70-BD9CD3AD7FE0}.Release|Any CPU.ActiveCfg = Release|Any CPU
		{F7F11EA4-0E1F-4989-9D70-BD9CD3AD7FE0}.Release|Any CPU.Build.0 = Release|Any CPU
		{F7F11EA4-0E1F-4989-9D70-BD9CD3AD7FE0}.Release|x64.ActiveCfg = Release|x64
		{F7F11EA4-0E1F-4989-9D70-BD9CD3AD7FE0}.Release|x64.Build.0 = Release|x64
		{170B34DD-A803-4CED-B1A6-7487AB61F473}.Debug|Any CPU.ActiveCfg = Debug|Any CPU
		{170B34DD-A803-4CED-B1A6-7487AB61F473}.Debug|Any CPU.Build.0 = Debug|Any CPU
		{170B34DD-A803-4CED-B1A6-7487AB61F473}.Debug|x64.ActiveCfg = Debug|x64
		{170B34DD-A803-4CED-B1A6-7487AB61F473}.Debug|x64.Build.0 = Debug|x64
		{170B34DD-A803-4CED-B1A6-7487AB61F473}.Release|Any CPU.ActiveCfg = Release|Any CPU
		{170B34DD-A803-4CED-B1A6-7487AB61F473}.Release|Any CPU.Build.0 = Release|Any CPU
		{170B34DD-A803-4CED-B1A6-7487AB61F473}.Release|x64.ActiveCfg = Release|x64
		{170B34DD-A803-4CED-B1A6-7487AB61F473}.Release|x64.Build.0 = Release|x64
		{53B8F7F5-D7BB-4935-80F2-9D603CC32608}.Debug|Any CPU.ActiveCfg = Debug|Any CPU
		{53B8F7F5-D7BB-4935-80F2-9D603CC32608}.Debug|Any CPU.Build.0 = Debug|Any CPU
		{53B8F7F5-D7BB-4935-80F2-9D603CC32608}.Debug|x64.ActiveCfg = Debug|x64
		{53B8F7F5-D7BB-4935-80F2-9D603CC32608}.Debug|x64.Build.0 = Debug|x64
		{53B8F7F5-D7BB-4935-80F2-9D603CC32608}.Release|Any CPU.ActiveCfg = Release|Any CPU
		{53B8F7F5-D7BB-4935-80F2-9D603CC32608}.Release|Any CPU.Build.0 = Release|Any CPU
		{53B8F7F5-D7BB-4935-80F2-9D603CC32608}.Release|x64.ActiveCfg = Release|x64
		{53B8F7F5-D7BB-4935-80F2-9D603CC32608}.Release|x64.Build.0 = Release|x64
		{92DAF9D3-3F37-4DB1-8FC9-C9B60E961652}.Debug|Any CPU.ActiveCfg = Debug|Any CPU
		{92DAF9D3-3F37-4DB1-8FC9-C9B60E961652}.Debug|Any CPU.Build.0 = Debug|Any CPU
		{92DAF9D3-3F37-4DB1-8FC9-C9B60E961652}.Debug|x64.ActiveCfg = Debug|x64
		{92DAF9D3-3F37-4DB1-8FC9-C9B60E961652}.Debug|x64.Build.0 = Debug|x64
		{92DAF9D3-3F37-4DB1-8FC9-C9B60E961652}.Release|Any CPU.ActiveCfg = Release|Any CPU
		{92DAF9D3-3F37-4DB1-8FC9-C9B60E961652}.Release|Any CPU.Build.0 = Release|Any CPU
		{92DAF9D3-3F37-4DB1-8FC9-C9B60E961652}.Release|x64.ActiveCfg = Release|x64
		{92DAF9D3-3F37-4DB1-8FC9-C9B60E961652}.Release|x64.Build.0 = Release|x64
		{DA90DCEE-630B-44DF-B964-17BA3A359EF4}.Debug|Any CPU.ActiveCfg = Debug|Any CPU
		{DA90DCEE-630B-44DF-B964-17BA3A359EF4}.Debug|Any CPU.Build.0 = Debug|Any CPU
		{DA90DCEE-630B-44DF-B964-17BA3A359EF4}.Debug|x64.ActiveCfg = Debug|x64
		{DA90DCEE-630B-44DF-B964-17BA3A359EF4}.Debug|x64.Build.0 = Debug|x64
		{DA90DCEE-630B-44DF-B964-17BA3A359EF4}.Release|Any CPU.ActiveCfg = Release|Any CPU
		{DA90DCEE-630B-44DF-B964-17BA3A359EF4}.Release|Any CPU.Build.0 = Release|Any CPU
		{DA90DCEE-630B-44DF-B964-17BA3A359EF4}.Release|x64.ActiveCfg = Release|x64
		{DA90DCEE-630B-44DF-B964-17BA3A359EF4}.Release|x64.Build.0 = Release|x64
		{7703C8EF-73D5-444B-B057-64C5359D9BC9}.Debug|Any CPU.ActiveCfg = Debug|Any CPU
		{7703C8EF-73D5-444B-B057-64C5359D9BC9}.Debug|Any CPU.Build.0 = Debug|Any CPU
		{7703C8EF-73D5-444B-B057-64C5359D9BC9}.Debug|x64.ActiveCfg = Debug|x64
		{7703C8EF-73D5-444B-B057-64C5359D9BC9}.Debug|x64.Build.0 = Debug|x64
		{7703C8EF-73D5-444B-B057-64C5359D9BC9}.Release|Any CPU.ActiveCfg = Release|Any CPU
		{7703C8EF-73D5-444B-B057-64C5359D9BC9}.Release|Any CPU.Build.0 = Release|Any CPU
		{7703C8EF-73D5-444B-B057-64C5359D9BC9}.Release|x64.ActiveCfg = Release|x64
		{7703C8EF-73D5-444B-B057-64C5359D9BC9}.Release|x64.Build.0 = Release|x64
		{BA0FECF0-4333-4076-8DC4-1E1D09359050}.Debug|Any CPU.ActiveCfg = Debug|Any CPU
		{BA0FECF0-4333-4076-8DC4-1E1D09359050}.Debug|Any CPU.Build.0 = Debug|Any CPU
		{BA0FECF0-4333-4076-8DC4-1E1D09359050}.Debug|x64.ActiveCfg = Debug|x64
		{BA0FECF0-4333-4076-8DC4-1E1D09359050}.Debug|x64.Build.0 = Debug|x64
		{BA0FECF0-4333-4076-8DC4-1E1D09359050}.Release|Any CPU.ActiveCfg = Release|Any CPU
		{BA0FECF0-4333-4076-8DC4-1E1D09359050}.Release|Any CPU.Build.0 = Release|Any CPU
		{BA0FECF0-4333-4076-8DC4-1E1D09359050}.Release|x64.ActiveCfg = Release|x64
		{BA0FECF0-4333-4076-8DC4-1E1D09359050}.Release|x64.Build.0 = Release|x64
		{42BD78CF-1D21-4AAD-AAFE-3DA4E71EB3E6}.Debug|Any CPU.ActiveCfg = Debug|Any CPU
		{42BD78CF-1D21-4AAD-AAFE-3DA4E71EB3E6}.Debug|Any CPU.Build.0 = Debug|Any CPU
		{42BD78CF-1D21-4AAD-AAFE-3DA4E71EB3E6}.Debug|x64.ActiveCfg = Debug|x64
		{42BD78CF-1D21-4AAD-AAFE-3DA4E71EB3E6}.Debug|x64.Build.0 = Debug|x64
		{42BD78CF-1D21-4AAD-AAFE-3DA4E71EB3E6}.Release|Any CPU.ActiveCfg = Release|Any CPU
		{42BD78CF-1D21-4AAD-AAFE-3DA4E71EB3E6}.Release|Any CPU.Build.0 = Release|Any CPU
		{42BD78CF-1D21-4AAD-AAFE-3DA4E71EB3E6}.Release|x64.ActiveCfg = Release|x64
		{42BD78CF-1D21-4AAD-AAFE-3DA4E71EB3E6}.Release|x64.Build.0 = Release|x64
		{6C3D4571-884E-4880-9EE8-BD431CB8D871}.Debug|Any CPU.ActiveCfg = Debug|Any CPU
		{6C3D4571-884E-4880-9EE8-BD431CB8D871}.Debug|Any CPU.Build.0 = Debug|Any CPU
		{6C3D4571-884E-4880-9EE8-BD431CB8D871}.Debug|x64.ActiveCfg = Debug|x64
		{6C3D4571-884E-4880-9EE8-BD431CB8D871}.Debug|x64.Build.0 = Debug|x64
		{6C3D4571-884E-4880-9EE8-BD431CB8D871}.Release|Any CPU.ActiveCfg = Release|Any CPU
		{6C3D4571-884E-4880-9EE8-BD431CB8D871}.Release|Any CPU.Build.0 = Release|Any CPU
		{6C3D4571-884E-4880-9EE8-BD431CB8D871}.Release|x64.ActiveCfg = Release|x64
		{6C3D4571-884E-4880-9EE8-BD431CB8D871}.Release|x64.Build.0 = Release|x64
	EndGlobalSection
	GlobalSection(SolutionProperties) = preSolution
		HideSolutionNode = FALSE
	EndGlobalSection
	GlobalSection(ExtensibilityGlobals) = postSolution
		SolutionGuid = {00B6A029-5696-44B0-8E62-92BAF20D9456}
	EndGlobalSection
EndGlobal
